
Microsoft Visual Studio Solution File, Format Version 12.00
# Visual Studio Version 17
VisualStudioVersion = 17.5.002.0
MinimumVisualStudioVersion = 10.0.40219.1
Project("{9A19103F-16F7-4668-BE54-9A1E7A4F7556}") = "TP01", "TP01.csproj", "{A917328F-2976-48E0-8575-C3BF5ECE67F6}"
EndProject
Global
	GlobalSection(SolutionConfigurationPlatforms) = preSolution
		Debug|Any CPU = Debug|Any CPU
		Release|Any CPU = Release|Any CPU
	EndGlobalSection
	GlobalSection(ProjectConfigurationPlatforms) = postSolution
		{A917328F-2976-48E0-8575-C3BF5ECE67F6}.Debug|Any CPU.ActiveCfg = Debug|Any CPU
		{A917328F-2976-48E0-8575-C3BF5ECE67F6}.Debug|Any CPU.Build.0 = Debug|Any CPU
		{A917328F-2976-48E0-8575-C3BF5ECE67F6}.Release|Any CPU.ActiveCfg = Release|Any CPU
		{A917328F-2976-48E0-8575-C3BF5ECE67F6}.Release|Any CPU.Build.0 = Release|Any CPU
	EndGlobalSection
	GlobalSection(SolutionProperties) = preSolution
		HideSolutionNode = FALSE
	EndGlobalSection
	GlobalSection(ExtensibilityGlobals) = postSolution
		SolutionGuid = {A0755A8E-0A04-4EEB-A5FE-606C604997F7}
	EndGlobalSection
EndGlobal
